
Microsoft Visual Studio Solution File, Format Version 12.00
# Visual Studio 15
VisualStudioVersion = 15.0.27004.2006
MinimumVisualStudioVersion = 10.0.40219.1
Project("{FAE04EC0-301F-11D3-BF4B-00C04F79EFBC}") = "templateMvcAngularjs", "templateMvcAngularjs\templateMvcAngularjs.csproj", "{BFFF6570-5A65-449E-8B4C-4A6C0B8D0B49}"
EndProject
Project("{FAE04EC0-301F-11D3-BF4B-00C04F79EFBC}") = "AccessData", "AccessData\AccessData.csproj", "{372116DF-5085-41AF-8BCE-F975AF220F6D}"
EndProject
Project("{E24C65DC-7377-472B-9ABA-BC803B73C61A}") = "Front-end", "..\..\WebSites\Front-end\", "{B0CA556B-D267-49EA-8B8A-D4A8A6BEEF35}"
	ProjectSection(WebsiteProperties) = preProject
		TargetFrameworkMoniker = ".NETFramework,Version%3Dv4.6.2"
		Debug.AspNetCompiler.VirtualPath = "/localhost_8072"
		Debug.AspNetCompiler.PhysicalPath = "..\..\WebSites\Front-end\"
		Debug.AspNetCompiler.TargetPath = "PrecompiledWeb\localhost_8072\"
		Debug.AspNetCompiler.Updateable = "true"
		Debug.AspNetCompiler.ForceOverwrite = "true"
		Debug.AspNetCompiler.FixedNames = "false"
		Debug.AspNetCompiler.Debug = "True"
		Release.AspNetCompiler.VirtualPath = "/localhost_8072"
		Release.AspNetCompiler.PhysicalPath = "..\..\WebSites\Front-end\"
		Release.AspNetCompiler.TargetPath = "PrecompiledWeb\localhost_8072\"
		Release.AspNetCompiler.Updateable = "true"
		Release.AspNetCompiler.ForceOverwrite = "true"
		Release.AspNetCompiler.FixedNames = "false"
		Release.AspNetCompiler.Debug = "False"
		VWDPort = "8072"
		DefaultWebSiteLanguage = "Visual C#"
	EndProjectSection
EndProject
Global
	GlobalSection(SolutionConfigurationPlatforms) = preSolution
		Debug|Any CPU = Debug|Any CPU
		Release|Any CPU = Release|Any CPU
	EndGlobalSection
	GlobalSection(ProjectConfigurationPlatforms) = postSolution
		{BFFF6570-5A65-449E-8B4C-4A6C0B8D0B49}.Debug|Any CPU.ActiveCfg = Debug|Any CPU
		{BFFF6570-5A65-449E-8B4C-4A6C0B8D0B49}.Debug|Any CPU.Build.0 = Debug|Any CPU
		{BFFF6570-5A65-449E-8B4C-4A6C0B8D0B49}.Release|Any CPU.ActiveCfg = Release|Any CPU
		{BFFF6570-5A65-449E-8B4C-4A6C0B8D0B49}.Release|Any CPU.Build.0 = Release|Any CPU
		{372116DF-5085-41AF-8BCE-F975AF220F6D}.Debug|Any CPU.ActiveCfg = Debug|Any CPU
		{372116DF-5085-41AF-8BCE-F975AF220F6D}.Debug|Any CPU.Build.0 = Debug|Any CPU
		{372116DF-5085-41AF-8BCE-F975AF220F6D}.Release|Any CPU.ActiveCfg = Release|Any CPU
		{372116DF-5085-41AF-8BCE-F975AF220F6D}.Release|Any CPU.Build.0 = Release|Any CPU
		{B0CA556B-D267-49EA-8B8A-D4A8A6BEEF35}.Debug|Any CPU.ActiveCfg = Debug|Any CPU
		{B0CA556B-D267-49EA-8B8A-D4A8A6BEEF35}.Debug|Any CPU.Build.0 = Debug|Any CPU
		{B0CA556B-D267-49EA-8B8A-D4A8A6BEEF35}.Release|Any CPU.ActiveCfg = Debug|Any CPU
		{B0CA556B-D267-49EA-8B8A-D4A8A6BEEF35}.Release|Any CPU.Build.0 = Debug|Any CPU
	EndGlobalSection
	GlobalSection(SolutionProperties) = preSolution
		HideSolutionNode = FALSE
	EndGlobalSection
	GlobalSection(ExtensibilityGlobals) = postSolution
		SolutionGuid = {6D2FD2F2-9F2A-4589-B012-BF7B568729BF}
	EndGlobalSection
EndGlobal
